# THIS IS AN AUTOGENERATED FILE. DO NOT EDIT THIS FILE DIRECTLY.
# yarn lockfile v1


"@abraham/reflection@^0.12.0":
  version "0.12.0"
  resolved "https://registry.yarnpkg.com/@abraham/reflection/-/reflection-0.12.0.tgz#b40bffc95f63d181f89f44bd53c7235ec120bccc"
  integrity sha512-OoLlgBE5u18mc61pJNamEh2OtFpHjtvDi1pV4ojnnH77juCvQw/Z3YlHF8TJiorU7/V6UuGApFzsi+bieug7fg==

"@types/node@^14.18.56":
  version "14.18.56"
  resolved "https://registry.yarnpkg.com/@types/node/-/node-14.18.56.tgz#09e092d684cd8cfbdb3c5e5802672712242f2600"
  integrity sha512-+k+57NVS9opgrEn5l9c0gvD1r6C+PtyhVE4BTnMMRwiEA8ZO8uFcs6Yy2sXIy0eC95ZurBtRSvhZiHXBysbl6w==

typescript@^5.2.2:
  version "5.2.2"
  resolved "https://registry.yarnpkg.com/typescript/-/typescript-5.2.2.tgz#5ebb5e5a5b75f085f22bc3f8460fba308310fa78"
  integrity sha512-mI4WrpHsbCIcwT9cF4FZvr80QUeKvsUsUvKDoR+X/7XHQH98xYD8YHZg7ANtz2GtZt/CBq2QJ0thkGJMHfqc1w==
